
Microsoft Visual Studio Solution File, Format Version 12.00
Project("{FAE04EC0-301F-11D3-BF4B-00C04F79EFBC}") = "API", "API\API.csproj", "{8BA5328C-1EE1-47A9-B597-0DE25E8CFD00}"
EndProject
Global
	GlobalSection(SolutionConfigurationPlatforms) = preSolution
		Debug|Any CPU = Debug|Any CPU
		Release|Any CPU = Release|Any CPU
	EndGlobalSection
	GlobalSection(ProjectConfigurationPlatforms) = postSolution
		{8BA5328C-1EE1-47A9-B597-0DE25E8CFD00}.Debug|Any CPU.ActiveCfg = Debug|Any CPU
		{8BA5328C-1EE1-47A9-B597-0DE25E8CFD00}.Debug|Any CPU.Build.0 = Debug|Any CPU
		{8BA5328C-1EE1-47A9-B597-0DE25E8CFD00}.Release|Any CPU.ActiveCfg = Release|Any CPU
		{8BA5328C-1EE1-47A9-B597-0DE25E8CFD00}.Release|Any CPU.Build.0 = Release|Any CPU
	EndGlobalSection
EndGlobal
